
Microsoft Visual Studio Solution File, Format Version 12.00
# Visual Studio 15
VisualStudioVersion = 15.0.28307.329
MinimumVisualStudioVersion = 10.0.40219.1
Project("{FAE04EC0-301F-11D3-BF4B-00C04F79EFBC}") = "CalculatorApp", "CalculatorApp\CalculatorApp.csproj", "{95EAC40B-500B-4607-811A-748D543AA26D}"
EndProject
Global
	GlobalSection(SolutionConfigurationPlatforms) = preSolution
		Debug|Any CPU = Debug|Any CPU
		Release|Any CPU = Release|Any CPU
	EndGlobalSection
	GlobalSection(ProjectConfigurationPlatforms) = postSolution
		{95EAC40B-500B-4607-811A-748D543AA26D}.Debug|Any CPU.ActiveCfg = Debug|Any CPU
		{95EAC40B-500B-4607-811A-748D543AA26D}.Debug|Any CPU.Build.0 = Debug|Any CPU
		{95EAC40B-500B-4607-811A-748D543AA26D}.Release|Any CPU.ActiveCfg = Release|Any CPU
		{95EAC40B-500B-4607-811A-748D543AA26D}.Release|Any CPU.Build.0 = Release|Any CPU
	EndGlobalSection
	GlobalSection(SolutionProperties) = preSolution
		HideSolutionNode = FALSE
	EndGlobalSection
	GlobalSection(ExtensibilityGlobals) = postSolution
		SolutionGuid = {F4B19B9C-0656-4C46-AED0-A26350710882}
	EndGlobalSection
EndGlobal
