
Microsoft Visual Studio Solution File, Format Version 12.00
# Visual Studio 15
VisualStudioVersion = 15.0.28307.329
MinimumVisualStudioVersion = 10.0.40219.1
Project("{FAE04EC0-301F-11D3-BF4B-00C04F79EFBC}") = "StudentRegistration", "StudentRegistration\StudentRegistration.csproj", "{C256A313-7FBD-4129-9A0E-C01F287A9D96}"
EndProject
Global
	GlobalSection(SolutionConfigurationPlatforms) = preSolution
		Debug|Any CPU = Debug|Any CPU
		Release|Any CPU = Release|Any CPU
	EndGlobalSection
	GlobalSection(ProjectConfigurationPlatforms) = postSolution
		{C256A313-7FBD-4129-9A0E-C01F287A9D96}.Debug|Any CPU.ActiveCfg = Debug|Any CPU
		{C256A313-7FBD-4129-9A0E-C01F287A9D96}.Debug|Any CPU.Build.0 = Debug|Any CPU
		{C256A313-7FBD-4129-9A0E-C01F287A9D96}.Release|Any CPU.ActiveCfg = Release|Any CPU
		{C256A313-7FBD-4129-9A0E-C01F287A9D96}.Release|Any CPU.Build.0 = Release|Any CPU
	EndGlobalSection
	GlobalSection(SolutionProperties) = preSolution
		HideSolutionNode = FALSE
	EndGlobalSection
	GlobalSection(ExtensibilityGlobals) = postSolution
		SolutionGuid = {6E837269-F351-47E1-9702-C6EB7B375162}
	EndGlobalSection
EndGlobal
